
Microsoft Visual Studio Solution File, Format Version 12.00
# Visual Studio 15
Project("{FAE04EC0-301F-11D3-BF4B-00C04F79EFBC}") = "DairyFree.Android", "DairyFree.Android\DairyFree.Android.csproj", "{6158A766-7534-4570-AE02-B2DB24813E46}"
EndProject
Project("{FAE04EC0-301F-11D3-BF4B-00C04F79EFBC}") = "DairyFree.iOS", "DairyFree.iOS\DairyFree.iOS.csproj", "{0E6F1368-F8E4-41D8-BBCF-89DD5C11A7DA}"
EndProject
Project("{FAE04EC0-301F-11D3-BF4B-00C04F79EFBC}") = "DairyFree", "DairyFree\DairyFree.csproj", "{402838FE-3B91-463B-B0BC-DEADA3169351}"
EndProject
Global
	GlobalSection(SolutionConfigurationPlatforms) = preSolution
		Debug|Any CPU = Debug|Any CPU
		Release|Any CPU = Release|Any CPU
		Debug|iPhoneSimulator = Debug|iPhoneSimulator
		Release|iPhoneSimulator = Release|iPhoneSimulator
		Debug|iPhone = Debug|iPhone
		Release|iPhone = Release|iPhone
	EndGlobalSection
	GlobalSection(ProjectConfigurationPlatforms) = postSolution
		{6158A766-7534-4570-AE02-B2DB24813E46}.Debug|Any CPU.ActiveCfg = Debug|Any CPU
		{6158A766-7534-4570-AE02-B2DB24813E46}.Debug|Any CPU.Build.0 = Debug|Any CPU
		{6158A766-7534-4570-AE02-B2DB24813E46}.Release|Any CPU.ActiveCfg = Release|Any CPU
		{6158A766-7534-4570-AE02-B2DB24813E46}.Release|Any CPU.Build.0 = Release|Any CPU
		{6158A766-7534-4570-AE02-B2DB24813E46}.Debug|iPhoneSimulator.ActiveCfg = Debug|Any CPU
		{6158A766-7534-4570-AE02-B2DB24813E46}.Debug|iPhoneSimulator.Build.0 = Debug|Any CPU
		{6158A766-7534-4570-AE02-B2DB24813E46}.Release|iPhoneSimulator.ActiveCfg = Release|Any CPU
		{6158A766-7534-4570-AE02-B2DB24813E46}.Release|iPhoneSimulator.Build.0 = Release|Any CPU
		{6158A766-7534-4570-AE02-B2DB24813E46}.Debug|iPhone.ActiveCfg = Debug|Any CPU
		{6158A766-7534-4570-AE02-B2DB24813E46}.Debug|iPhone.Build.0 = Debug|Any CPU
		{6158A766-7534-4570-AE02-B2DB24813E46}.Release|iPhone.ActiveCfg = Release|Any CPU
		{6158A766-7534-4570-AE02-B2DB24813E46}.Release|iPhone.Build.0 = Release|Any CPU
		{0E6F1368-F8E4-41D8-BBCF-89DD5C11A7DA}.Debug|Any CPU.ActiveCfg = Debug|iPhoneSimulator
		{0E6F1368-F8E4-41D8-BBCF-89DD5C11A7DA}.Debug|Any CPU.Build.0 = Debug|iPhoneSimulator
		{0E6F1368-F8E4-41D8-BBCF-89DD5C11A7DA}.Release|Any CPU.ActiveCfg = Release|iPhoneSimulator
		{0E6F1368-F8E4-41D8-BBCF-89DD5C11A7DA}.Release|Any CPU.Build.0 = Release|iPhoneSimulator
		{0E6F1368-F8E4-41D8-BBCF-89DD5C11A7DA}.Debug|iPhoneSimulator.ActiveCfg = Debug|iPhoneSimulator
		{0E6F1368-F8E4-41D8-BBCF-89DD5C11A7DA}.Debug|iPhoneSimulator.Build.0 = Debug|iPhoneSimulator
		{0E6F1368-F8E4-41D8-BBCF-89DD5C11A7DA}.Release|iPhoneSimulator.ActiveCfg = Release|iPhoneSimulator
		{0E6F1368-F8E4-41D8-BBCF-89DD5C11A7DA}.Release|iPhoneSimulator.Build.0 = Release|iPhoneSimulator
		{0E6F1368-F8E4-41D8-BBCF-89DD5C11A7DA}.Debug|iPhone.ActiveCfg = Debug|iPhone
		{0E6F1368-F8E4-41D8-BBCF-89DD5C11A7DA}.Debug|iPhone.Build.0 = Debug|iPhone
		{0E6F1368-F8E4-41D8-BBCF-89DD5C11A7DA}.Release|iPhone.ActiveCfg = Release|iPhone
		{0E6F1368-F8E4-41D8-BBCF-89DD5C11A7DA}.Release|iPhone.Build.0 = Release|iPhone
		{402838FE-3B91-463B-B0BC-DEADA3169351}.Debug|Any CPU.ActiveCfg = Debug|Any CPU
		{402838FE-3B91-463B-B0BC-DEADA3169351}.Debug|Any CPU.Build.0 = Debug|Any CPU
		{402838FE-3B91-463B-B0BC-DEADA3169351}.Release|Any CPU.ActiveCfg = Release|Any CPU
		{402838FE-3B91-463B-B0BC-DEADA3169351}.Release|Any CPU.Build.0 = Release|Any CPU
		{402838FE-3B91-463B-B0BC-DEADA3169351}.Debug|iPhoneSimulator.ActiveCfg = Debug|Any CPU
		{402838FE-3B91-463B-B0BC-DEADA3169351}.Debug|iPhoneSimulator.Build.0 = Debug|Any CPU
		{402838FE-3B91-463B-B0BC-DEADA3169351}.Release|iPhoneSimulator.ActiveCfg = Release|Any CPU
		{402838FE-3B91-463B-B0BC-DEADA3169351}.Release|iPhoneSimulator.Build.0 = Release|Any CPU
		{402838FE-3B91-463B-B0BC-DEADA3169351}.Debug|iPhone.ActiveCfg = Debug|Any CPU
		{402838FE-3B91-463B-B0BC-DEADA3169351}.Debug|iPhone.Build.0 = Debug|Any CPU
		{402838FE-3B91-463B-B0BC-DEADA3169351}.Release|iPhone.ActiveCfg = Release|Any CPU
		{402838FE-3B91-463B-B0BC-DEADA3169351}.Release|iPhone.Build.0 = Release|Any CPU
	EndGlobalSection
EndGlobal
